// !$*UTF8*$!
{
	archiveVersion = 1;
	classes = {
	};
	objectVersion = 50;
	objects = {

/* Begin PBXBuildFile section */
		7411BF0A24C4C51D00F90E81 /* AppDelegate.swift in Sources */ = {isa = PBXBuildFile; fileRef = 7411BF0924C4C51D00F90E81 /* AppDelegate.swift */; };
		7411BF0C24C4C51D00F90E81 /* SceneDelegate.swift in Sources */ = {isa = PBXBuildFile; fileRef = 7411BF0B24C4C51D00F90E81 /* SceneDelegate.swift */; };
		7411BF0E24C4C51D00F90E81 /* ContentView.swift in Sources */ = {isa = PBXBuildFile; fileRef = 7411BF0D24C4C51D00F90E81 /* ContentView.swift */; };
		7411BF1024C4C51F00F90E81 /* Assets.xcassets in Resources */ = {isa = PBXBuildFile; fileRef = 7411BF0F24C4C51F00F90E81 /* Assets.xcassets */; };
		7411BF1324C4C51F00F90E81 /* Preview Assets.xcassets in Resources */ = {isa = PBXBuildFile; fileRef = 7411BF1224C4C51F00F90E81 /* Preview Assets.xcassets */; };
		7411BF1624C4C51F00F90E81 /* LaunchScreen.storyboard in Resources */ = {isa = PBXBuildFile; fileRef = 7411BF1424C4C51F00F90E81 /* LaunchScreen.storyboard */; };
		7411BF2124C4C51F00F90E81 /* Date_MeTests.swift in Sources */ = {isa = PBXBuildFile; fileRef = 7411BF2024C4C51F00F90E81 /* Date_MeTests.swift */; };
/* End PBXBuildFile section */

/* Begin PBXContainerItemProxy section */
		7411BF1D24C4C51F00F90E81 /* PBXContainerItemProxy */ = {
			isa = PBXContainerItemProxy;
			containerPortal = 7411BEFE24C4C51D00F90E81 /* Project object */;
			proxyType = 1;
			remoteGlobalIDString = 7411BF0524C4C51D00F90E81;
			remoteInfo = "Date Me";
		};
/* End PBXContainerItemProxy section */

/* Begin PBXFileReference section */
		7411BF0624C4C51D00F90E81 /* Date Me.app */ = {isa = PBXFileReference; explicitFileType = wrapper.application; includeInIndex = 0; path = "Date Me.app"; sourceTree = BUILT_PRODUCTS_DIR; };
		7411BF0924C4C51D00F90E81 /* AppDelegate.swift */ = {isa = PBXFileReference; lastKnownFileType = sourcecode.swift; path = AppDelegate.swift; sourceTree = "<group>"; };
		7411BF0B24C4C51D00F90E81 /* SceneDelegate.swift */ = {isa = PBXFileReference; lastKnownFileType = sourcecode.swift; path = SceneDelegate.swift; sourceTree = "<group>"; };
		7411BF0D24C4C51D00F90E81 /* ContentView.swift */ = {isa = PBXFileReference; lastKnownFileType = sourcecode.swift; path = ContentView.swift; sourceTree = "<group>"; };
		7411BF0F24C4C51F00F90E81 /* Assets.xcassets */ = {isa = PBXFileReference; lastKnownFileType = folder.assetcatalog; path = Assets.xcassets; sourceTree = "<group>"; };
		7411BF1224C4C51F00F90E81 /* Preview Assets.xcassets */ = {isa = PBXFileReference; lastKnownFileType = folder.assetcatalog; path = "Preview Assets.xcassets"; sourceTree = "<group>"; };
		7411BF1524C4C51F00F90E81 /* Base */ = {isa = PBXFileReference; lastKnownFileType = file.storyboard; name = Base; path = Base.lproj/LaunchScreen.storyboard; sourceTree = "<group>"; };
		7411BF1724C4C51F00F90E81 /* Info.plist */ = {isa = PBXFileReference; lastKnownFileType = text.plist.xml; path = Info.plist; sourceTree = "<group>"; };
		7411BF1C24C4C51F00F90E81 /* Date MeTests.xctest */ = {isa = PBXFileReference; explicitFileType = wrapper.cfbundle; includeInIndex = 0; path = "Date MeTests.xctest"; sourceTree = BUILT_PRODUCTS_DIR; };
		7411BF2024C4C51F00F90E81 /* Date_MeTests.swift */ = {isa = PBXFileReference; lastKnownFileType = sourcecode.swift; path = Date_MeTests.swift; sourceTree = "<group>"; };
		7411BF2224C4C51F00F90E81 /* Info.plist */ = {isa = PBXFileReference; lastKnownFileType = text.plist.xml; path = Info.plist; sourceTree = "<group>"; };
/* End PBXFileReference section */

/* Begin PBXFrameworksBuildPhase section */
		7411BF0324C4C51D00F90E81 /* Frameworks */ = {
			isa = PBXFrameworksBuildPhase;
			buildActionMask = 2147483647;
			files = (
			);
			runOnlyForDeploymentPostprocessing = 0;
		};
		7411BF1924C4C51F00F90E81 /* Frameworks */ = {
			isa = PBXFrameworksBuildPhase;
			buildActionMask = 2147483647;
			files = (
			);
			runOnlyForDeploymentPostprocessing = 0;
		};
/* End PBXFrameworksBuildPhase section */

/* Begin PBXGroup section */
		7411BEFD24C4C51D00F90E81 = {
			isa = PBXGroup;
			children = (
				7411BF0824C4C51D00F90E81 /* Date Me */,
				7411BF1F24C4C51F00F90E81 /* Date MeTests */,
				7411BF0724C4C51D00F90E81 /* Products */,
			);
			sourceTree = "<group>";
		};
		7411BF0724C4C51D00F90E81 /* Products */ = {
			isa = PBXGroup;
			children = (
				7411BF0624C4C51D00F90E81 /* Date Me.app */,
				7411BF1C24C4C51F00F90E81 /* Date MeTests.xctest */,
			);
			name = Products;
			sourceTree = "<group>";
		};
		7411BF0824C4C51D00F90E81 /* Date Me */ = {
			isa = PBXGroup;
			children = (
				7411BF0924C4C51D00F90E81 /* AppDelegate.swift */,
				7411BF0B24C4C51D00F90E81 /* SceneDelegate.swift */,
				7411BF0D24C4C51D00F90E81 /* ContentView.swift */,
				7411BF0F24C4C51F00F90E81 /* Assets.xcassets */,
				7411BF1424C4C51F00F90E81 /* LaunchScreen.storyboard */,
				7411BF1724C4C51F00F90E81 /* Info.plist */,
				7411BF1124C4C51F00F90E81 /* Preview Content */,
			);
			path = "Date Me";
			sourceTree = "<group>";
		};
		7411BF1124C4C51F00F90E81 /* Preview Content */ = {
			isa = PBXGroup;
			children = (
				7411BF1224C4C51F00F90E81 /* Preview Assets.xcassets */,
			);
			path = "Preview Content";
			sourceTree = "<group>";
		};
		7411BF1F24C4C51F00F90E81 /* Date MeTests */ = {
			isa = PBXGroup;
			children = (
				7411BF2024C4C51F00F90E81 /* Date_MeTests.swift */,
				7411BF2224C4C51F00F90E81 /* Info.plist */,
			);
			path = "Date MeTests";
			sourceTree = "<group>";
		};
/* End PBXGroup section */

/* Begin PBXNativeTarget section */
		7411BF0524C4C51D00F90E81 /* Date Me */ = {
			isa = PBXNativeTarget;
			buildConfigurationList = 7411BF2524C4C51F00F90E81 /* Build configuration list for PBXNativeTarget "Date Me" */;
			buildPhases = (
				7411BF0224C4C51D00F90E81 /* Sources */,
				7411BF0324C4C51D00F90E81 /* Frameworks */,
				7411BF0424C4C51D00F90E81 /* Resources */,
			);
			buildRules = (
			);
			dependencies = (
			);
			name = "Date Me";
			productName = "Date Me";
			productReference = 7411BF0624C4C51D00F90E81 /* Date Me.app */;
			productType = "com.apple.product-type.application";
		};
		7411BF1B24C4C51F00F90E81 /* Date MeTests */ = {
			isa = PBXNativeTarget;
			buildConfigurationList = 7411BF2824C4C51F00F90E81 /* Build configuration list for PBXNativeTarget "Date MeTests" */;
			buildPhases = (
				7411BF1824C4C51F00F90E81 /* Sources */,
				7411BF1924C4C51F00F90E81 /* Frameworks */,
				7411BF1A24C4C51F00F90E81 /* Resources */,
			);
			buildRules = (
			);
			dependencies = (
				7411BF1E24C4C51F00F90E81 /* PBXTargetDependency */,
			);
			name = "Date MeTests";
			productName = "Date MeTests";
			productReference = 7411BF1C24C4C51F00F90E81 /* Date MeTests.xctest */;
			productType = "com.apple.product-type.bundle.unit-test";
		};
/* End PBXNativeTarget section */

/* Begin PBXProject section */
		7411BEFE24C4C51D00F90E81 /* Project object */ = {
			isa = PBXProject;
			attributes = {
				LastSwiftUpdateCheck = 1150;
				LastUpgradeCheck = 1150;
				ORGANIZATIONNAME = "Alexander Ignatov";
				TargetAttributes = {
					7411BF0524C4C51D00F90E81 = {
						CreatedOnToolsVersion = 11.5;
					};
					7411BF1B24C4C51F00F90E81 = {
						CreatedOnToolsVersion = 11.5;
						TestTargetID = 7411BF0524C4C51D00F90E81;
					};
				};
			};
			buildConfigurationList = 7411BF0124C4C51D00F90E81 /* Build configuration list for PBXProject "Date Me" */;
			compatibilityVersion = "Xcode 9.3";
			developmentRegion = en;
			hasScannedForEncodings = 0;
			knownRegions = (
				en,
				Base,
			);
			mainGroup = 7411BEFD24C4C51D00F90E81;
			productRefGroup = 7411BF0724C4C51D00F90E81 /* Products */;
			projectDirPath = "";
			projectRoot = "";
			targets = (
				7411BF0524C4C51D00F90E81 /* Date Me */,
				7411BF1B24C4C51F00F90E81 /* Date MeTests */,
			);
		};
/* End PBXProject section */

/* Begin PBXResourcesBuildPhase section */
		7411BF0424C4C51D00F90E81 /* Resources */ = {
			isa = PBXResourcesBuildPhase;
			buildActionMask = 2147483647;
			files = (
				7411BF1624C4C51F00F90E81 /* LaunchScreen.storyboard in Resources */,
				7411BF1324C4C51F00F90E81 /* Preview Assets.xcassets in Resources */,
				7411BF1024C4C51F00F90E81 /* Assets.xcassets in Resources */,
			);
			runOnlyForDeploymentPostprocessing = 0;
		};
		7411BF1A24C4C51F00F90E81 /* Resources */ = {
			isa = PBXResourcesBuildPhase;
			buildActionMask = 2147483647;
			files = (
			);
			runOnlyForDeploymentPostprocessing = 0;
		};
/* End PBXResourcesBuildPhase section */

/* Begin PBXSourcesBuildPhase section */
		7411BF0224C4C51D00F90E81 /* Sources */ = {
			isa = PBXSourcesBuildPhase;
			buildActionMask = 2147483647;
			files = (
				7411BF0A24C4C51D00F90E81 /* AppDelegate.swift in Sources */,
				7411BF0C24C4C51D00F90E81 /* SceneDelegate.swift in Sources */,
				7411BF0E24C4C51D00F90E81 /* ContentView.swift in Sources */,
			);
			runOnlyForDeploymentPostprocessing = 0;
		};
		7411BF1824C4C51F00F90E81 /* Sources */ = {
			isa = PBXSourcesBuildPhase;
			buildActionMask = 2147483647;
			files = (
				7411BF2124C4C51F00F90E81 /* Date_MeTests.swift in Sources */,
			);
			runOnlyForDeploymentPostprocessing = 0;
		};
/* End PBXSourcesBuildPhase section */

/* Begin PBXTargetDependency section */
		7411BF1E24C4C51F00F90E81 /* PBXTargetDependency */ = {
			isa = PBXTargetDependency;
			target = 7411BF0524C4C51D00F90E81 /* Date Me */;
			targetProxy = 7411BF1D24C4C51F00F90E81 /* PBXContainerItemProxy */;
		};
/* End PBXTargetDependency section */

/* Begin PBXVariantGroup section */
		7411BF1424C4C51F00F90E81 /* LaunchScreen.storyboard */ = {
			isa = PBXVariantGroup;
			children = (
				7411BF1524C4C51F00F90E81 /* Base */,
			);
			name = LaunchScreen.storyboard;
			sourceTree = "<group>";
		};
/* End PBXVariantGroup section */

/* Begin XCBuildConfiguration section */
		7411BF2324C4C51F00F90E81 /* Debug */ = {
			isa = XCBuildConfiguration;
			buildSettings = {
				ALWAYS_SEARCH_USER_PATHS = NO;
				CLANG_ANALYZER_NONNULL = YES;
				CLANG_ANALYZER_NUMBER_OBJECT_CONVERSION = YES_AGGRESSIVE;
				CLANG_CXX_LANGUAGE_STANDARD = "gnu++14";
				CLANG_CXX_LIBRARY = "libc++";
				CLANG_ENABLE_MODULES = YES;
				CLANG_ENABLE_OBJC_ARC = YES;
				CLANG_ENABLE_OBJC_WEAK = YES;
				CLANG_WARN_BLOCK_CAPTURE_AUTORELEASING = YES;
				CLANG_WARN_BOOL_CONVERSION = YES;
				CLANG_WARN_COMMA = YES;
				CLANG_WARN_CONSTANT_CONVERSION = YES;
				CLANG_WARN_DEPRECATED_OBJC_IMPLEMENTATIONS = YES;
				CLANG_WARN_DIRECT_OBJC_ISA_USAGE = YES_ERROR;
				CLANG_WARN_DOCUMENTATION_COMMENTS = YES;
				CLANG_WARN_EMPTY_BODY = YES;
				CLANG_WARN_ENUM_CONVERSION = YES;
				CLANG_WARN_INFINITE_RECURSION = YES;
				CLANG_WARN_INT_CONVERSION = YES;
				CLANG_WARN_NON_LITERAL_NULL_CONVERSION = YES;
				CLANG_WARN_OBJC_IMPLICIT_RETAIN_SELF = YES;
				CLANG_WARN_OBJC_LITERAL_CONVERSION = YES;
				CLANG_WARN_OBJC_ROOT_CLASS = YES_ERROR;
				CLANG_WARN_RANGE_LOOP_ANALYSIS = YES;
				CLANG_WARN_STRICT_PROTOTYPES = YES;
				CLANG_WARN_SUSPICIOUS_MOVE = YES;
				CLANG_WARN_UNGUARDED_AVAILABILITY = YES_AGGRESSIVE;
				CLANG_WARN_UNREACHABLE_CODE = YES;
				CLANG_WARN__DUPLICATE_METHOD_MATCH = YES;
				COPY_PHASE_STRIP = NO;
				DEBUG_INFORMATION_FORMAT = dwarf;
				ENABLE_STRICT_OBJC_MSGSEND = YES;
				ENABLE_TESTABILITY = YES;
				GCC_C_LANGUAGE_STANDARD = gnu11;
				GCC_DYNAMIC_NO_PIC = NO;
				GCC_NO_COMMON_BLOCKS = YES;
				GCC_OPTIMIZATION_LEVEL = 0;
				GCC_PREPROCESSOR_DEFINITIONS = (
					"DEBUG=1",
					"$(inherited)",
				);
				GCC_WARN_64_TO_32_BIT_CONVERSION = YES;
				GCC_WARN_ABOUT_RETURN_TYPE = YES_ERROR;
				GCC_WARN_UNDECLARED_SELECTOR = YES;
				GCC_WARN_UNINITIALIZED_AUTOS = YES_AGGRESSIVE;
				GCC_WARN_UNUSED_FUNCTION = YES;
				GCC_WARN_UNUSED_VARIABLE = YES;
				IPHONEOS_DEPLOYMENT_TARGET = 13.5;
				MTL_ENABLE_DEBUG_INFO = INCLUDE_SOURCE;
				MTL_FAST_MATH = YES;
				ONLY_ACTIVE_ARCH = YES;
				SDKROOT = iphoneos;
				SWIFT_ACTIVE_COMPILATION_CONDITIONS = DEBUG;
				SWIFT_OPTIMIZATION_LEVEL = "-Onone";
			};
			name = Debug;
		};
		7411BF2424C4C51F00F90E81 /* Release */ = {
			isa = XCBuildConfiguration;
			buildSettings = {
				ALWAYS_SEARCH_USER_PATHS = NO;
				CLANG_ANALYZER_NONNULL = YES;
				CLANG_ANALYZER_NUMBER_OBJECT_CONVERSION = YES_AGGRESSIVE;
				CLANG_CXX_LANGUAGE_STANDARD = "gnu++14";
				CLANG_CXX_LIBRARY = "libc++";
				CLANG_ENABLE_MODULES = YES;
				CLANG_ENABLE_OBJC_ARC = YES;
				CLANG_ENABLE_OBJC_WEAK = YES;
				CLANG_WARN_BLOCK_CAPTURE_AUTORELEASING = YES;
				CLANG_WARN_BOOL_CONVERSION = YES;
				CLANG_WARN_COMMA = YES;
				CLANG_WARN_CONSTANT_CONVERSION = YES;
				CLANG_WARN_DEPRECATED_OBJC_IMPLEMENTATIONS = YES;
				CLANG_WARN_DIRECT_OBJC_ISA_USAGE = YES_ERROR;
				CLANG_WARN_DOCUMENTATION_COMMENTS = YES;
				CLANG_WARN_EMPTY_BODY = YES;
				CLANG_WARN_ENUM_CONVERSION = YES;
				CLANG_WARN_INFINITE_RECURSION = YES;
				CLANG_WARN_INT_CONVERSION = YES;
				CLANG_WARN_NON_LITERAL_NULL_CONVERSION = YES;
				CLANG_WARN_OBJC_IMPLICIT_RETAIN_SELF = YES;
				CLANG_WARN_OBJC_LITERAL_CONVERSION = YES;
				CLANG_WARN_OBJC_ROOT_CLASS = YES_ERROR;
				CLANG_WARN_RANGE_LOOP_ANALYSIS = YES;
				CLANG_WARN_STRICT_PROTOTYPES = YES;
				CLANG_WARN_SUSPICIOUS_MOVE = YES;
				CLANG_WARN_UNGUARDED_AVAILABILITY = YES_AGGRESSIVE;
				CLANG_WARN_UNREACHABLE_CODE = YES;
				CLANG_WARN__DUPLICATE_METHOD_MATCH = YES;
				COPY_PHASE_STRIP = NO;
				DEBUG_INFORMATION_FORMAT = "dwarf-with-dsym";
				ENABLE_NS_ASSERTIONS = NO;
				ENABLE_STRICT_OBJC_MSGSEND = YES;
				GCC_C_LANGUAGE_STANDARD = gnu11;
				GCC_NO_COMMON_BLOCKS = YES;
				GCC_WARN_64_TO_32_BIT_CONVERSION = YES;
				GCC_WARN_ABOUT_RETURN_TYPE = YES_ERROR;
				GCC_WARN_UNDECLARED_SELECTOR = YES;
				GCC_WARN_UNINITIALIZED_AUTOS = YES_AGGRESSIVE;
				GCC_WARN_UNUSED_FUNCTION = YES;
				GCC_WARN_UNUSED_VARIABLE = YES;
				IPHONEOS_DEPLOYMENT_TARGET = 13.5;
				MTL_ENABLE_DEBUG_INFO = NO;
				MTL_FAST_MATH = YES;
				SDKROOT = iphoneos;
				SWIFT_COMPILATION_MODE = wholemodule;
				SWIFT_OPTIMIZATION_LEVEL = "-O";
				VALIDATE_PRODUCT = YES;
			};
			name = Release;
		};
		7411BF2624C4C51F00F90E81 /* Debug */ = {
			isa = XCBuildConfiguration;
			buildSettings = {
				ASSETCATALOG_COMPILER_APPICON_NAME = AppIcon;
				CODE_SIGN_STYLE = Automatic;
				DEVELOPMENT_ASSET_PATHS = "\"Date Me/Preview Content\"";
				DEVELOPMENT_TEAM = 4643PTS49B;
				ENABLE_PREVIEWS = YES;
				INFOPLIST_FILE = "Date Me/Info.plist";
				LD_RUNPATH_SEARCH_PATHS = (
					"$(inherited)",
					"@executable_path/Frameworks",
				);
				PRODUCT_BUNDLE_IDENTIFIER = "bg.abv.yalishanda.Date-Me";
				PRODUCT_NAME = "$(TARGET_NAME)";
				SWIFT_VERSION = 5.0;
				TARGETED_DEVICE_FAMILY = "1,2";
			};
			name = Debug;
		};
		7411BF2724C4C51F00F90E81 /* Release */ = {
			isa = XCBuildConfiguration;
			buildSettings = {
				ASSETCATALOG_COMPILER_APPICON_NAME = AppIcon;
				CODE_SIGN_STYLE = Automatic;
				DEVELOPMENT_ASSET_PATHS = "\"Date Me/Preview Content\"";
				DEVELOPMENT_TEAM = 4643PTS49B;
				ENABLE_PREVIEWS = YES;
				INFOPLIST_FILE = "Date Me/Info.plist";
				LD_RUNPATH_SEARCH_PATHS = (
					"$(inherited)",
					"@executable_path/Frameworks",
				);
				PRODUCT_BUNDLE_IDENTIFIER = "bg.abv.yalishanda.Date-Me";
				PRODUCT_NAME = "$(TARGET_NAME)";
				SWIFT_VERSION = 5.0;
				TARGETED_DEVICE_FAMILY = "1,2";
			};
			name = Release;
		};
		7411BF2924C4C51F00F90E81 /* Debug */ = {
			isa = XCBuildConfiguration;
			buildSettings = {
				ALWAYS_EMBED_SWIFT_STANDARD_LIBRARIES = YES;
				BUNDLE_LOADER = "$(TEST_HOST)";
				CODE_SIGN_STYLE = Automatic;
				DEVELOPMENT_TEAM = 4643PTS49B;
				INFOPLIST_FILE = "Date MeTests/Info.plist";
				IPHONEOS_DEPLOYMENT_TARGET = 13.5;
				LD_RUNPATH_SEARCH_PATHS = (
					"$(inherited)",
					"@executable_path/Frameworks",
					"@loader_path/Frameworks",
				);
				PRODUCT_BUNDLE_IDENTIFIER = "bg.abv.yalishanda.Date-MeTests";
				PRODUCT_NAME = "$(TARGET_NAME)";
				SWIFT_VERSION = 5.0;
				TARGETED_DEVICE_FAMILY = "1,2";
				TEST_HOST = "$(BUILT_PRODUCTS_DIR)/Date Me.app/Date Me";
			};
			name = Debug;
		};
		7411BF2A24C4C51F00F90E81 /* Release */ = {
			isa = XCBuildConfiguration;
			buildSettings = {
				ALWAYS_EMBED_SWIFT_STANDARD_LIBRARIES = YES;
				BUNDLE_LOADER = "$(TEST_HOST)";
				CODE_SIGN_STYLE = Automatic;
				DEVELOPMENT_TEAM = 4643PTS49B;
				INFOPLIST_FILE = "Date MeTests/Info.plist";
				IPHONEOS_DEPLOYMENT_TARGET = 13.5;
				LD_RUNPATH_SEARCH_PATHS = (
					"$(inherited)",
					"@executable_path/Frameworks",
					"@loader_path/Frameworks",
				);
				PRODUCT_BUNDLE_IDENTIFIER = "bg.abv.yalishanda.Date-MeTests";
				PRODUCT_NAME = "$(TARGET_NAME)";
				SWIFT_VERSION = 5.0;
				TARGETED_DEVICE_FAMILY = "1,2";
				TEST_HOST = "$(BUILT_PRODUCTS_DIR)/Date Me.app/Date Me";
			};
			name = Release;
		};
/* End XCBuildConfiguration section */

/* Begin XCConfigurationList section */
		7411BF0124C4C51D00F90E81 /* Build configuration list for PBXProject "Date Me" */ = {
			isa = XCConfigurationList;
			buildConfigurations = (
				7411BF2324C4C51F00F90E81 /* Debug */,
				7411BF2424C4C51F00F90E81 /* Release */,
			);
			defaultConfigurationIsVisible = 0;
			defaultConfigurationName = Release;
		};
		7411BF2524C4C51F00F90E81 /* Build configuration list for PBXNativeTarget "Date Me" */ = {
			isa = XCConfigurationList;
			buildConfigurations = (
				7411BF2624C4C51F00F90E81 /* Debug */,
				7411BF2724C4C51F00F90E81 /* Release */,
			);
			defaultConfigurationIsVisible = 0;
			defaultConfigurationName = Release;
		};
		7411BF2824C4C51F00F90E81 /* Build configuration list for PBXNativeTarget "Date MeTests" */ = {
			isa = XCConfigurationList;
			buildConfigurations = (
				7411BF2924C4C51F00F90E81 /* Debug */,
				7411BF2A24C4C51F00F90E81 /* Release */,
			);
			defaultConfigurationIsVisible = 0;
			defaultConfigurationName = Release;
		};
/* End XCConfigurationList section */
	};
	rootObject = 7411BEFE24C4C51D00F90E81 /* Project object */;
}
